// !$*UTF8*$!
{
	archiveVersion = 1;
	classes = {
	};
	objectVersion = 50;
	objects = {

/* Begin PBXBuildFile section */
		0B43BAA224154E2A00A45ED3 /* AppDelegate.swift in Sources */ = {isa = PBXBuildFile; fileRef = 0B43BAA124154E2A00A45ED3 /* AppDelegate.swift */; };
		0B43BAA424154E2A00A45ED3 /* SceneDelegate.swift in Sources */ = {isa = PBXBuildFile; fileRef = 0B43BAA324154E2A00A45ED3 /* SceneDelegate.swift */; };
		0B43BAA924154E2A00A45ED3 /* Main.storyboard in Resources */ = {isa = PBXBuildFile; fileRef = 0B43BAA724154E2A00A45ED3 /* Main.storyboard */; };
		0B43BAAB24154E2E00A45ED3 /* Assets.xcassets in Resources */ = {isa = PBXBuildFile; fileRef = 0B43BAAA24154E2E00A45ED3 /* Assets.xcassets */; };
		0B43BAAE24154E2E00A45ED3 /* LaunchScreen.storyboard in Resources */ = {isa = PBXBuildFile; fileRef = 0B43BAAC24154E2E00A45ED3 /* LaunchScreen.storyboard */; };
		0B43BAB924154E2F00A45ED3 /* ToDoListTests.swift in Sources */ = {isa = PBXBuildFile; fileRef = 0B43BAB824154E2F00A45ED3 /* ToDoListTests.swift */; };
		0B43BAC424154E2F00A45ED3 /* ToDoListUITests.swift in Sources */ = {isa = PBXBuildFile; fileRef = 0B43BAC324154E2F00A45ED3 /* ToDoListUITests.swift */; };
		0B43BAD224154E9900A45ED3 /* ContainerViewController.swift in Sources */ = {isa = PBXBuildFile; fileRef = 0B43BAD124154E9900A45ED3 /* ContainerViewController.swift */; };
		0B43BAD424154EC100A45ED3 /* DataManager.swift in Sources */ = {isa = PBXBuildFile; fileRef = 0B43BAD324154EC100A45ED3 /* DataManager.swift */; };
		0B43BAD624154EE300A45ED3 /* TodoItem.swift in Sources */ = {isa = PBXBuildFile; fileRef = 0B43BAD524154EE300A45ED3 /* TodoItem.swift */; };
		0B43BAD824154F0000A45ED3 /* ToDoTableViewCell.swift in Sources */ = {isa = PBXBuildFile; fileRef = 0B43BAD724154F0000A45ED3 /* ToDoTableViewCell.swift */; };
		0B43BADB24154F9600A45ED3 /* ToDoTableViewController.swift in Sources */ = {isa = PBXBuildFile; fileRef = 0B43BADA24154F9600A45ED3 /* ToDoTableViewController.swift */; };
/* End PBXBuildFile section */

/* Begin PBXContainerItemProxy section */
		0B43BAB524154E2F00A45ED3 /* PBXContainerItemProxy */ = {
			isa = PBXContainerItemProxy;
			containerPortal = 0B43BA9624154E2A00A45ED3 /* Project object */;
			proxyType = 1;
			remoteGlobalIDString = 0B43BA9D24154E2A00A45ED3;
			remoteInfo = ToDoList;
		};
		0B43BAC024154E2F00A45ED3 /* PBXContainerItemProxy */ = {
			isa = PBXContainerItemProxy;
			containerPortal = 0B43BA9624154E2A00A45ED3 /* Project object */;
			proxyType = 1;
			remoteGlobalIDString = 0B43BA9D24154E2A00A45ED3;
			remoteInfo = ToDoList;
		};
/* End PBXContainerItemProxy section */

/* Begin PBXFileReference section */
		0B43BA9E24154E2A00A45ED3 /* ToDoList.app */ = {isa = PBXFileReference; explicitFileType = wrapper.application; includeInIndex = 0; path = ToDoList.app; sourceTree = BUILT_PRODUCTS_DIR; };
		0B43BAA124154E2A00A45ED3 /* AppDelegate.swift */ = {isa = PBXFileReference; lastKnownFileType = sourcecode.swift; path = AppDelegate.swift; sourceTree = "<group>"; };
		0B43BAA324154E2A00A45ED3 /* SceneDelegate.swift */ = {isa = PBXFileReference; lastKnownFileType = sourcecode.swift; path = SceneDelegate.swift; sourceTree = "<group>"; };
		0B43BAA824154E2A00A45ED3 /* Base */ = {isa = PBXFileReference; lastKnownFileType = file.storyboard; name = Base; path = Base.lproj/Main.storyboard; sourceTree = "<group>"; };
		0B43BAAA24154E2E00A45ED3 /* Assets.xcassets */ = {isa = PBXFileReference; lastKnownFileType = folder.assetcatalog; path = Assets.xcassets; sourceTree = "<group>"; };
		0B43BAAD24154E2E00A45ED3 /* Base */ = {isa = PBXFileReference; lastKnownFileType = file.storyboard; name = Base; path = Base.lproj/LaunchScreen.storyboard; sourceTree = "<group>"; };
		0B43BAAF24154E2E00A45ED3 /* Info.plist */ = {isa = PBXFileReference; lastKnownFileType = text.plist.xml; path = Info.plist; sourceTree = "<group>"; };
		0B43BAB424154E2F00A45ED3 /* ToDoListTests.xctest */ = {isa = PBXFileReference; explicitFileType = wrapper.cfbundle; includeInIndex = 0; path = ToDoListTests.xctest; sourceTree = BUILT_PRODUCTS_DIR; };
		0B43BAB824154E2F00A45ED3 /* ToDoListTests.swift */ = {isa = PBXFileReference; lastKnownFileType = sourcecode.swift; path = ToDoListTests.swift; sourceTree = "<group>"; };
		0B43BABA24154E2F00A45ED3 /* Info.plist */ = {isa = PBXFileReference; lastKnownFileType = text.plist.xml; path = Info.plist; sourceTree = "<group>"; };
		0B43BABF24154E2F00A45ED3 /* ToDoListUITests.xctest */ = {isa = PBXFileReference; explicitFileType = wrapper.cfbundle; includeInIndex = 0; path = ToDoListUITests.xctest; sourceTree = BUILT_PRODUCTS_DIR; };
		0B43BAC324154E2F00A45ED3 /* ToDoListUITests.swift */ = {isa = PBXFileReference; lastKnownFileType = sourcecode.swift; path = ToDoListUITests.swift; sourceTree = "<group>"; };
		0B43BAC524154E2F00A45ED3 /* Info.plist */ = {isa = PBXFileReference; lastKnownFileType = text.plist.xml; path = Info.plist; sourceTree = "<group>"; };
		0B43BAD124154E9900A45ED3 /* ContainerViewController.swift */ = {isa = PBXFileReference; lastKnownFileType = sourcecode.swift; path = ContainerViewController.swift; sourceTree = "<group>"; };
		0B43BAD324154EC100A45ED3 /* DataManager.swift */ = {isa = PBXFileReference; lastKnownFileType = sourcecode.swift; path = DataManager.swift; sourceTree = "<group>"; };
		0B43BAD524154EE300A45ED3 /* TodoItem.swift */ = {isa = PBXFileReference; lastKnownFileType = sourcecode.swift; path = TodoItem.swift; sourceTree = "<group>"; };
		0B43BAD724154F0000A45ED3 /* ToDoTableViewCell.swift */ = {isa = PBXFileReference; lastKnownFileType = sourcecode.swift; path = ToDoTableViewCell.swift; sourceTree = "<group>"; };
		0B43BADA24154F9600A45ED3 /* ToDoTableViewController.swift */ = {isa = PBXFileReference; lastKnownFileType = sourcecode.swift; path = ToDoTableViewController.swift; sourceTree = "<group>"; };
/* End PBXFileReference section */

/* Begin PBXFrameworksBuildPhase section */
		0B43BA9B24154E2A00A45ED3 /* Frameworks */ = {
			isa = PBXFrameworksBuildPhase;
			buildActionMask = 2147483647;
			files = (
			);
			runOnlyForDeploymentPostprocessing = 0;
		};
		0B43BAB124154E2F00A45ED3 /* Frameworks */ = {
			isa = PBXFrameworksBuildPhase;
			buildActionMask = 2147483647;
			files = (
			);
			runOnlyForDeploymentPostprocessing = 0;
		};
		0B43BABC24154E2F00A45ED3 /* Frameworks */ = {
			isa = PBXFrameworksBuildPhase;
			buildActionMask = 2147483647;
			files = (
			);
			runOnlyForDeploymentPostprocessing = 0;
		};
/* End PBXFrameworksBuildPhase section */

/* Begin PBXGroup section */
		0B43BA9524154E2A00A45ED3 = {
			isa = PBXGroup;
			children = (
				0B43BAA024154E2A00A45ED3 /* ToDoList */,
				0B43BAB724154E2F00A45ED3 /* ToDoListTests */,
				0B43BAC224154E2F00A45ED3 /* ToDoListUITests */,
				0B43BA9F24154E2A00A45ED3 /* Products */,
			);
			sourceTree = "<group>";
		};
		0B43BA9F24154E2A00A45ED3 /* Products */ = {
			isa = PBXGroup;
			children = (
				0B43BA9E24154E2A00A45ED3 /* ToDoList.app */,
				0B43BAB424154E2F00A45ED3 /* ToDoListTests.xctest */,
				0B43BABF24154E2F00A45ED3 /* ToDoListUITests.xctest */,
			);
			name = Products;
			sourceTree = "<group>";
		};
		0B43BAA024154E2A00A45ED3 /* ToDoList */ = {
			isa = PBXGroup;
			children = (
				0B43BAA124154E2A00A45ED3 /* AppDelegate.swift */,
				0B43BADA24154F9600A45ED3 /* ToDoTableViewController.swift */,
				0B43BAD724154F0000A45ED3 /* ToDoTableViewCell.swift */,
				0B43BAD524154EE300A45ED3 /* TodoItem.swift */,
				0B43BAD324154EC100A45ED3 /* DataManager.swift */,
				0B43BAD124154E9900A45ED3 /* ContainerViewController.swift */,
				0B43BAA324154E2A00A45ED3 /* SceneDelegate.swift */,
				0B43BAA724154E2A00A45ED3 /* Main.storyboard */,
				0B43BAAA24154E2E00A45ED3 /* Assets.xcassets */,
				0B43BAAC24154E2E00A45ED3 /* LaunchScreen.storyboard */,
				0B43BAAF24154E2E00A45ED3 /* Info.plist */,
			);
			path = ToDoList;
			sourceTree = "<group>";
		};
		0B43BAB724154E2F00A45ED3 /* ToDoListTests */ = {
			isa = PBXGroup;
			children = (
				0B43BAB824154E2F00A45ED3 /* ToDoListTests.swift */,
				0B43BABA24154E2F00A45ED3 /* Info.plist */,
			);
			path = ToDoListTests;
			sourceTree = "<group>";
		};
		0B43BAC224154E2F00A45ED3 /* ToDoListUITests */ = {
			isa = PBXGroup;
			children = (
				0B43BAC324154E2F00A45ED3 /* ToDoListUITests.swift */,
				0B43BAC524154E2F00A45ED3 /* Info.plist */,
			);
			path = ToDoListUITests;
			sourceTree = "<group>";
		};
/* End PBXGroup section */

/* Begin PBXNativeTarget section */
		0B43BA9D24154E2A00A45ED3 /* ToDoList */ = {
			isa = PBXNativeTarget;
			buildConfigurationList = 0B43BAC824154E2F00A45ED3 /* Build configuration list for PBXNativeTarget "ToDoList" */;
			buildPhases = (
				0B43BA9A24154E2A00A45ED3 /* Sources */,
				0B43BA9B24154E2A00A45ED3 /* Frameworks */,
				0B43BA9C24154E2A00A45ED3 /* Resources */,
			);
			buildRules = (
			);
			dependencies = (
			);
			name = ToDoList;
			productName = ToDoList;
			productReference = 0B43BA9E24154E2A00A45ED3 /* ToDoList.app */;
			productType = "com.apple.product-type.application";
		};
		0B43BAB324154E2F00A45ED3 /* ToDoListTests */ = {
			isa = PBXNativeTarget;
			buildConfigurationList = 0B43BACB24154E2F00A45ED3 /* Build configuration list for PBXNativeTarget "ToDoListTests" */;
			buildPhases = (
				0B43BAB024154E2F00A45ED3 /* Sources */,
				0B43BAB124154E2F00A45ED3 /* Frameworks */,
				0B43BAB224154E2F00A45ED3 /* Resources */,
			);
			buildRules = (
			);
			dependencies = (
				0B43BAB624154E2F00A45ED3 /* PBXTargetDependency */,
			);
			name = ToDoListTests;
			productName = ToDoListTests;
			productReference = 0B43BAB424154E2F00A45ED3 /* ToDoListTests.xctest */;
			productType = "com.apple.product-type.bundle.unit-test";
		};
		0B43BABE24154E2F00A45ED3 /* ToDoListUITests */ = {
			isa = PBXNativeTarget;
			buildConfigurationList = 0B43BACE24154E2F00A45ED3 /* Build configuration list for PBXNativeTarget "ToDoListUITests" */;
			buildPhases = (
				0B43BABB24154E2F00A45ED3 /* Sources */,
				0B43BABC24154E2F00A45ED3 /* Frameworks */,
				0B43BABD24154E2F00A45ED3 /* Resources */,
			);
			buildRules = (
			);
			dependencies = (
				0B43BAC124154E2F00A45ED3 /* PBXTargetDependency */,
			);
			name = ToDoListUITests;
			productName = ToDoListUITests;
			productReference = 0B43BABF24154E2F00A45ED3 /* ToDoListUITests.xctest */;
			productType = "com.apple.product-type.bundle.ui-testing";
		};
/* End PBXNativeTarget section */

/* Begin PBXProject section */
		0B43BA9624154E2A00A45ED3 /* Project object */ = {
			isa = PBXProject;
			attributes = {
				LastSwiftUpdateCheck = 1130;
				LastUpgradeCheck = 1130;
				ORGANIZATIONNAME = "Cosmin Benegui";
				TargetAttributes = {
					0B43BA9D24154E2A00A45ED3 = {
						CreatedOnToolsVersion = 11.3.1;
					};
					0B43BAB324154E2F00A45ED3 = {
						CreatedOnToolsVersion = 11.3.1;
						TestTargetID = 0B43BA9D24154E2A00A45ED3;
					};
					0B43BABE24154E2F00A45ED3 = {
						CreatedOnToolsVersion = 11.3.1;
						TestTargetID = 0B43BA9D24154E2A00A45ED3;
					};
				};
			};
			buildConfigurationList = 0B43BA9924154E2A00A45ED3 /* Build configuration list for PBXProject "ToDoList" */;
			compatibilityVersion = "Xcode 9.3";
			developmentRegion = en;
			hasScannedForEncodings = 0;
			knownRegions = (
				en,
				Base,
			);
			mainGroup = 0B43BA9524154E2A00A45ED3;
			productRefGroup = 0B43BA9F24154E2A00A45ED3 /* Products */;
			projectDirPath = "";
			projectRoot = "";
			targets = (
				0B43BA9D24154E2A00A45ED3 /* ToDoList */,
				0B43BAB324154E2F00A45ED3 /* ToDoListTests */,
				0B43BABE24154E2F00A45ED3 /* ToDoListUITests */,
			);
		};
/* End PBXProject section */

/* Begin PBXResourcesBuildPhase section */
		0B43BA9C24154E2A00A45ED3 /* Resources */ = {
			isa = PBXResourcesBuildPhase;
			buildActionMask = 2147483647;
			files = (
				0B43BAAE24154E2E00A45ED3 /* LaunchScreen.storyboard in Resources */,
				0B43BAAB24154E2E00A45ED3 /* Assets.xcassets in Resources */,
				0B43BAA924154E2A00A45ED3 /* Main.storyboard in Resources */,
			);
			runOnlyForDeploymentPostprocessing = 0;
		};
		0B43BAB224154E2F00A45ED3 /* Resources */ = {
			isa = PBXResourcesBuildPhase;
			buildActionMask = 2147483647;
			files = (
			);
			runOnlyForDeploymentPostprocessing = 0;
		};
		0B43BABD24154E2F00A45ED3 /* Resources */ = {
			isa = PBXResourcesBuildPhase;
			buildActionMask = 2147483647;
			files = (
			);
			runOnlyForDeploymentPostprocessing = 0;
		};
/* End PBXResourcesBuildPhase section */

/* Begin PBXSourcesBuildPhase section */
		0B43BA9A24154E2A00A45ED3 /* Sources */ = {
			isa = PBXSourcesBuildPhase;
			buildActionMask = 2147483647;
			files = (
				0B43BAD824154F0000A45ED3 /* ToDoTableViewCell.swift in Sources */,
				0B43BAD424154EC100A45ED3 /* DataManager.swift in Sources */,
				0B43BADB24154F9600A45ED3 /* ToDoTableViewController.swift in Sources */,
				0B43BAA224154E2A00A45ED3 /* AppDelegate.swift in Sources */,
				0B43BAD224154E9900A45ED3 /* ContainerViewController.swift in Sources */,
				0B43BAD624154EE300A45ED3 /* TodoItem.swift in Sources */,
				0B43BAA424154E2A00A45ED3 /* SceneDelegate.swift in Sources */,
			);
			runOnlyForDeploymentPostprocessing = 0;
		};
		0B43BAB024154E2F00A45ED3 /* Sources */ = {
			isa = PBXSourcesBuildPhase;
			buildActionMask = 2147483647;
			files = (
				0B43BAB924154E2F00A45ED3 /* ToDoListTests.swift in Sources */,
			);
			runOnlyForDeploymentPostprocessing = 0;
		};
		0B43BABB24154E2F00A45ED3 /* Sources */ = {
			isa = PBXSourcesBuildPhase;
			buildActionMask = 2147483647;
			files = (
				0B43BAC424154E2F00A45ED3 /* ToDoListUITests.swift in Sources */,
			);
			runOnlyForDeploymentPostprocessing = 0;
		};
/* End PBXSourcesBuildPhase section */

/* Begin PBXTargetDependency section */
		0B43BAB624154E2F00A45ED3 /* PBXTargetDependency */ = {
			isa = PBXTargetDependency;
			target = 0B43BA9D24154E2A00A45ED3 /* ToDoList */;
			targetProxy = 0B43BAB524154E2F00A45ED3 /* PBXContainerItemProxy */;
		};
		0B43BAC124154E2F00A45ED3 /* PBXTargetDependency */ = {
			isa = PBXTargetDependency;
			target = 0B43BA9D24154E2A00A45ED3 /* ToDoList */;
			targetProxy = 0B43BAC024154E2F00A45ED3 /* PBXContainerItemProxy */;
		};
/* End PBXTargetDependency section */

/* Begin PBXVariantGroup section */
		0B43BAA724154E2A00A45ED3 /* Main.storyboard */ = {
			isa = PBXVariantGroup;
			children = (
				0B43BAA824154E2A00A45ED3 /* Base */,
			);
			name = Main.storyboard;
			sourceTree = "<group>";
		};
		0B43BAAC24154E2E00A45ED3 /* LaunchScreen.storyboard */ = {
			isa = PBXVariantGroup;
			children = (
				0B43BAAD24154E2E00A45ED3 /* Base */,
			);
			name = LaunchScreen.storyboard;
			sourceTree = "<group>";
		};
/* End PBXVariantGroup section */

/* Begin XCBuildConfiguration section */
		0B43BAC624154E2F00A45ED3 /* Debug */ = {
			isa = XCBuildConfiguration;
			buildSettings = {
				ALWAYS_SEARCH_USER_PATHS = NO;
				CLANG_ANALYZER_NONNULL = YES;
				CLANG_ANALYZER_NUMBER_OBJECT_CONVERSION = YES_AGGRESSIVE;
				CLANG_CXX_LANGUAGE_STANDARD = "gnu++14";
				CLANG_CXX_LIBRARY = "libc++";
				CLANG_ENABLE_MODULES = YES;
				CLANG_ENABLE_OBJC_ARC = YES;
				CLANG_ENABLE_OBJC_WEAK = YES;
				CLANG_WARN_BLOCK_CAPTURE_AUTORELEASING = YES;
				CLANG_WARN_BOOL_CONVERSION = YES;
				CLANG_WARN_COMMA = YES;
				CLANG_WARN_CONSTANT_CONVERSION = YES;
				CLANG_WARN_DEPRECATED_OBJC_IMPLEMENTATIONS = YES;
				CLANG_WARN_DIRECT_OBJC_ISA_USAGE = YES_ERROR;
				CLANG_WARN_DOCUMENTATION_COMMENTS = YES;
				CLANG_WARN_EMPTY_BODY = YES;
				CLANG_WARN_ENUM_CONVERSION = YES;
				CLANG_WARN_INFINITE_RECURSION = YES;
				CLANG_WARN_INT_CONVERSION = YES;
				CLANG_WARN_NON_LITERAL_NULL_CONVERSION = YES;
				CLANG_WARN_OBJC_IMPLICIT_RETAIN_SELF = YES;
				CLANG_WARN_OBJC_LITERAL_CONVERSION = YES;
				CLANG_WARN_OBJC_ROOT_CLASS = YES_ERROR;
				CLANG_WARN_RANGE_LOOP_ANALYSIS = YES;
				CLANG_WARN_STRICT_PROTOTYPES = YES;
				CLANG_WARN_SUSPICIOUS_MOVE = YES;
				CLANG_WARN_UNGUARDED_AVAILABILITY = YES_AGGRESSIVE;
				CLANG_WARN_UNREACHABLE_CODE = YES;
				CLANG_WARN__DUPLICATE_METHOD_MATCH = YES;
				COPY_PHASE_STRIP = NO;
				DEBUG_INFORMATION_FORMAT = dwarf;
				ENABLE_STRICT_OBJC_MSGSEND = YES;
				ENABLE_TESTABILITY = YES;
				GCC_C_LANGUAGE_STANDARD = gnu11;
				GCC_DYNAMIC_NO_PIC = NO;
				GCC_NO_COMMON_BLOCKS = YES;
				GCC_OPTIMIZATION_LEVEL = 0;
				GCC_PREPROCESSOR_DEFINITIONS = (
					"DEBUG=1",
					"$(inherited)",
				);
				GCC_WARN_64_TO_32_BIT_CONVERSION = YES;
				GCC_WARN_ABOUT_RETURN_TYPE = YES_ERROR;
				GCC_WARN_UNDECLARED_SELECTOR = YES;
				GCC_WARN_UNINITIALIZED_AUTOS = YES_AGGRESSIVE;
				GCC_WARN_UNUSED_FUNCTION = YES;
				GCC_WARN_UNUSED_VARIABLE = YES;
				IPHONEOS_DEPLOYMENT_TARGET = 13.2;
				MTL_ENABLE_DEBUG_INFO = INCLUDE_SOURCE;
				MTL_FAST_MATH = YES;
				ONLY_ACTIVE_ARCH = YES;
				SDKROOT = iphoneos;
				SWIFT_ACTIVE_COMPILATION_CONDITIONS = DEBUG;
				SWIFT_OPTIMIZATION_LEVEL = "-Onone";
			};
			name = Debug;
		};
		0B43BAC724154E2F00A45ED3 /* Release */ = {
			isa = XCBuildConfiguration;
			buildSettings = {
				ALWAYS_SEARCH_USER_PATHS = NO;
				CLANG_ANALYZER_NONNULL = YES;
				CLANG_ANALYZER_NUMBER_OBJECT_CONVERSION = YES_AGGRESSIVE;
				CLANG_CXX_LANGUAGE_STANDARD = "gnu++14";
				CLANG_CXX_LIBRARY = "libc++";
				CLANG_ENABLE_MODULES = YES;
				CLANG_ENABLE_OBJC_ARC = YES;
				CLANG_ENABLE_OBJC_WEAK = YES;
				CLANG_WARN_BLOCK_CAPTURE_AUTORELEASING = YES;
				CLANG_WARN_BOOL_CONVERSION = YES;
				CLANG_WARN_COMMA = YES;
				CLANG_WARN_CONSTANT_CONVERSION = YES;
				CLANG_WARN_DEPRECATED_OBJC_IMPLEMENTATIONS = YES;
				CLANG_WARN_DIRECT_OBJC_ISA_USAGE = YES_ERROR;
				CLANG_WARN_DOCUMENTATION_COMMENTS = YES;
				CLANG_WARN_EMPTY_BODY = YES;
				CLANG_WARN_ENUM_CONVERSION = YES;
				CLANG_WARN_INFINITE_RECURSION = YES;
				CLANG_WARN_INT_CONVERSION = YES;
				CLANG_WARN_NON_LITERAL_NULL_CONVERSION = YES;
				CLANG_WARN_OBJC_IMPLICIT_RETAIN_SELF = YES;
				CLANG_WARN_OBJC_LITERAL_CONVERSION = YES;
				CLANG_WARN_OBJC_ROOT_CLASS = YES_ERROR;
				CLANG_WARN_RANGE_LOOP_ANALYSIS = YES;
				CLANG_WARN_STRICT_PROTOTYPES = YES;
				CLANG_WARN_SUSPICIOUS_MOVE = YES;
				CLANG_WARN_UNGUARDED_AVAILABILITY = YES_AGGRESSIVE;
				CLANG_WARN_UNREACHABLE_CODE = YES;
				CLANG_WARN__DUPLICATE_METHOD_MATCH = YES;
				COPY_PHASE_STRIP = NO;
				DEBUG_INFORMATION_FORMAT = "dwarf-with-dsym";
				ENABLE_NS_ASSERTIONS = NO;
				ENABLE_STRICT_OBJC_MSGSEND = YES;
				GCC_C_LANGUAGE_STANDARD = gnu11;
				GCC_NO_COMMON_BLOCKS = YES;
				GCC_WARN_64_TO_32_BIT_CONVERSION = YES;
				GCC_WARN_ABOUT_RETURN_TYPE = YES_ERROR;
				GCC_WARN_UNDECLARED_SELECTOR = YES;
				GCC_WARN_UNINITIALIZED_AUTOS = YES_AGGRESSIVE;
				GCC_WARN_UNUSED_FUNCTION = YES;
				GCC_WARN_UNUSED_VARIABLE = YES;
				IPHONEOS_DEPLOYMENT_TARGET = 13.2;
				MTL_ENABLE_DEBUG_INFO = NO;
				MTL_FAST_MATH = YES;
				SDKROOT = iphoneos;
				SWIFT_COMPILATION_MODE = wholemodule;
				SWIFT_OPTIMIZATION_LEVEL = "-O";
				VALIDATE_PRODUCT = YES;
			};
			name = Release;
		};
		0B43BAC924154E2F00A45ED3 /* Debug */ = {
			isa = XCBuildConfiguration;
			buildSettings = {
				ASSETCATALOG_COMPILER_APPICON_NAME = AppIcon;
				CODE_SIGN_STYLE = Automatic;
				DEVELOPMENT_TEAM = 7LG6RX76NR;
				INFOPLIST_FILE = ToDoList/Info.plist;
				LD_RUNPATH_SEARCH_PATHS = (
					"$(inherited)",
					"@executable_path/Frameworks",
				);
				PRODUCT_BUNDLE_IDENTIFIER = Cosmin.ToDoList;
				PRODUCT_NAME = "$(TARGET_NAME)";
				SWIFT_VERSION = 5.0;
				TARGETED_DEVICE_FAMILY = "1,2";
			};
			name = Debug;
		};
		0B43BACA24154E2F00A45ED3 /* Release */ = {
			isa = XCBuildConfiguration;
			buildSettings = {
				ASSETCATALOG_COMPILER_APPICON_NAME = AppIcon;
				CODE_SIGN_STYLE = Automatic;
				DEVELOPMENT_TEAM = 7LG6RX76NR;
				INFOPLIST_FILE = ToDoList/Info.plist;
				LD_RUNPATH_SEARCH_PATHS = (
					"$(inherited)",
					"@executable_path/Frameworks",
				);
				PRODUCT_BUNDLE_IDENTIFIER = Cosmin.ToDoList;
				PRODUCT_NAME = "$(TARGET_NAME)";
				SWIFT_VERSION = 5.0;
				TARGETED_DEVICE_FAMILY = "1,2";
			};
			name = Release;
		};
		0B43BACC24154E2F00A45ED3 /* Debug */ = {
			isa = XCBuildConfiguration;
			buildSettings = {
				ALWAYS_EMBED_SWIFT_STANDARD_LIBRARIES = YES;
				BUNDLE_LOADER = "$(TEST_HOST)";
				CODE_SIGN_STYLE = Automatic;
				DEVELOPMENT_TEAM = 7LG6RX76NR;
				INFOPLIST_FILE = ToDoListTests/Info.plist;
				IPHONEOS_DEPLOYMENT_TARGET = 13.2;
				LD_RUNPATH_SEARCH_PATHS = (
					"$(inherited)",
					"@executable_path/Frameworks",
					"@loader_path/Frameworks",
				);
				PRODUCT_BUNDLE_IDENTIFIER = Cosmin.ToDoListTests;
				PRODUCT_NAME = "$(TARGET_NAME)";
				SWIFT_VERSION = 5.0;
				TARGETED_DEVICE_FAMILY = "1,2";
				TEST_HOST = "$(BUILT_PRODUCTS_DIR)/ToDoList.app/ToDoList";
			};
			name = Debug;
		};
		0B43BACD24154E2F00A45ED3 /* Release */ = {
			isa = XCBuildConfiguration;
			buildSettings = {
				ALWAYS_EMBED_SWIFT_STANDARD_LIBRARIES = YES;
				BUNDLE_LOADER = "$(TEST_HOST)";
				CODE_SIGN_STYLE = Automatic;
				DEVELOPMENT_TEAM = 7LG6RX76NR;
				INFOPLIST_FILE = ToDoListTests/Info.plist;
				IPHONEOS_DEPLOYMENT_TARGET = 13.2;
				LD_RUNPATH_SEARCH_PATHS = (
					"$(inherited)",
					"@executable_path/Frameworks",
					"@loader_path/Frameworks",
				);
				PRODUCT_BUNDLE_IDENTIFIER = Cosmin.ToDoListTests;
				PRODUCT_NAME = "$(TARGET_NAME)";
				SWIFT_VERSION = 5.0;
				TARGETED_DEVICE_FAMILY = "1,2";
				TEST_HOST = "$(BUILT_PRODUCTS_DIR)/ToDoList.app/ToDoList";
			};
			name = Release;
		};
		0B43BACF24154E2F00A45ED3 /* Debug */ = {
			isa = XCBuildConfiguration;
			buildSettings = {
				ALWAYS_EMBED_SWIFT_STANDARD_LIBRARIES = YES;
				CODE_SIGN_STYLE = Automatic;
				DEVELOPMENT_TEAM = 7LG6RX76NR;
				INFOPLIST_FILE = ToDoListUITests/Info.plist;
				LD_RUNPATH_SEARCH_PATHS = (
					"$(inherited)",
					"@executable_path/Frameworks",
					"@loader_path/Frameworks",
				);
				PRODUCT_BUNDLE_IDENTIFIER = Cosmin.ToDoListUITests;
				PRODUCT_NAME = "$(TARGET_NAME)";
				SWIFT_VERSION = 5.0;
				TARGETED_DEVICE_FAMILY = "1,2";
				TEST_TARGET_NAME = ToDoList;
			};
			name = Debug;
		};
		0B43BAD024154E2F00A45ED3 /* Release */ = {
			isa = XCBuildConfiguration;
			buildSettings = {
				ALWAYS_EMBED_SWIFT_STANDARD_LIBRARIES = YES;
				CODE_SIGN_STYLE = Automatic;
				DEVELOPMENT_TEAM = 7LG6RX76NR;
				INFOPLIST_FILE = ToDoListUITests/Info.plist;
				LD_RUNPATH_SEARCH_PATHS = (
					"$(inherited)",
					"@executable_path/Frameworks",
					"@loader_path/Frameworks",
				);
				PRODUCT_BUNDLE_IDENTIFIER = Cosmin.ToDoListUITests;
				PRODUCT_NAME = "$(TARGET_NAME)";
				SWIFT_VERSION = 5.0;
				TARGETED_DEVICE_FAMILY = "1,2";
				TEST_TARGET_NAME = ToDoList;
			};
			name = Release;
		};
/* End XCBuildConfiguration section */

/* Begin XCConfigurationList section */
		0B43BA9924154E2A00A45ED3 /* Build configuration list for PBXProject "ToDoList" */ = {
			isa = XCConfigurationList;
			buildConfigurations = (
				0B43BAC624154E2F00A45ED3 /* Debug */,
				0B43BAC724154E2F00A45ED3 /* Release */,
			);
			defaultConfigurationIsVisible = 0;
			defaultConfigurationName = Release;
		};
		0B43BAC824154E2F00A45ED3 /* Build configuration list for PBXNativeTarget "ToDoList" */ = {
			isa = XCConfigurationList;
			buildConfigurations = (
				0B43BAC924154E2F00A45ED3 /* Debug */,
				0B43BACA24154E2F00A45ED3 /* Release */,
			);
			defaultConfigurationIsVisible = 0;
			defaultConfigurationName = Release;
		};
		0B43BACB24154E2F00A45ED3 /* Build configuration list for PBXNativeTarget "ToDoListTests" */ = {
			isa = XCConfigurationList;
			buildConfigurations = (
				0B43BACC24154E2F00A45ED3 /* Debug */,
				0B43BACD24154E2F00A45ED3 /* Release */,
			);
			defaultConfigurationIsVisible = 0;
			defaultConfigurationName = Release;
		};
		0B43BACE24154E2F00A45ED3 /* Build configuration list for PBXNativeTarget "ToDoListUITests" */ = {
			isa = XCConfigurationList;
			buildConfigurations = (
				0B43BACF24154E2F00A45ED3 /* Debug */,
				0B43BAD024154E2F00A45ED3 /* Release */,
			);
			defaultConfigurationIsVisible = 0;
			defaultConfigurationName = Release;
		};
/* End XCConfigurationList section */
	};
	rootObject = 0B43BA9624154E2A00A45ED3 /* Project object */;
}
